
Microsoft Visual Studio Solution File, Format Version 12.00
# Visual Studio Version 17
VisualStudioVersion = 17.0.31903.59
MinimumVisualStudioVersion = 10.0.40219.1
Project("{FAE04EC0-301F-11D3-BF4B-00C04F79EFBC}") = "Problem#1", "Problem#1\Problem#1.csproj", "{2911F868-FB65-49B6-A3E8-CCDCA1F0D99E}"
EndProject
Project("{FAE04EC0-301F-11D3-BF4B-00C04F79EFBC}") = "Problem#2", "Problem#2\Problem#2.csproj", "{34DD352B-F05C-401B-8141-116D87B75E4B}"
EndProject
Project("{FAE04EC0-301F-11D3-BF4B-00C04F79EFBC}") = "Problem#3", "Problem#3\Problem#3.csproj", "{2B5B7058-AB18-4AC2-B633-320F1376947E}"
EndProject
Project("{FAE04EC0-301F-11D3-BF4B-00C04F79EFBC}") = "Problem#4", "Problem#4\Problem#4.csproj", "{5329D535-7810-4041-9E71-EB80CDFC36EB}"
EndProject
Project("{FAE04EC0-301F-11D3-BF4B-00C04F79EFBC}") = "Problem#7", "Problem#7\Problem#7.csproj", "{2D5A2BEA-07FF-4997-91C1-FDB3B76DED79}"
EndProject
Project("{FAE04EC0-301F-11D3-BF4B-00C04F79EFBC}") = "Problem#9", "Problem#9\Problem#9.csproj", "{D65F0E7E-B121-43A2-98E0-5D8A0F6D038F}"
EndProject
Project("{FAE04EC0-301F-11D3-BF4B-00C04F79EFBC}") = "Problem#12", "Problem#12\Problem#12.csproj", "{9FF8C735-AA41-49F1-8369-65A94168398C}"
EndProject
Project("{FAE04EC0-301F-11D3-BF4B-00C04F79EFBC}") = "Problem#13", "Problem#13\Problem#13.csproj", "{67035CF5-1AD6-4228-AE1C-EB981F0A1537}"
EndProject
Project("{FAE04EC0-301F-11D3-BF4B-00C04F79EFBC}") = "Problem#14", "Problem#14\Problem#14.csproj", "{F91BB28E-0E78-4931-A5CA-6A8CC1CBA4C7}"
EndProject
Project("{FAE04EC0-301F-11D3-BF4B-00C04F79EFBC}") = "Problem#20", "Problem#20\Problem#20.csproj", "{C66868CB-298F-4314-9790-2578CD832305}"
EndProject
Project("{FAE04EC0-301F-11D3-BF4B-00C04F79EFBC}") = "Problem#21", "Problem#21\Problem#21.csproj", "{90C6E7C6-854F-467A-9E1A-B5D39F2E1FD9}"
EndProject
Project("{FAE04EC0-301F-11D3-BF4B-00C04F79EFBC}") = "Problem#27", "Problem#27\Problem#27.csproj", "{EA40D426-1499-4C07-BEAB-D32859F7A125}"
EndProject
Project("{FAE04EC0-301F-11D3-BF4B-00C04F79EFBC}") = "Problem#66", "Problem#66\Problem#66.csproj", "{A9E6F8E2-7D7B-4290-8183-631B05827AF5}"
EndProject
Project("{FAE04EC0-301F-11D3-BF4B-00C04F79EFBC}") = "Problem#70", "Problem#70\Problem#70.csproj", "{4C809997-9B22-4792-9181-BFCC9D1D8E19}"
EndProject
Project("{FAE04EC0-301F-11D3-BF4B-00C04F79EFBC}") = "Problem#88", "Problem#88\Problem#88.csproj", "{F4ED7014-4398-4823-977D-5BD5F3094ABB}"
EndProject
Project("{FAE04EC0-301F-11D3-BF4B-00C04F79EFBC}") = "Problem#202", "Problem#202\Problem#202.csproj", "{549D784D-65BD-4BF2-BA62-0363C2F498C5}"
EndProject
Project("{FAE04EC0-301F-11D3-BF4B-00C04F79EFBC}") = "Problem#283", "Problem#283\Problem#283.csproj", "{C5ADD46F-D5C8-4847-883B-355192F7B17A}"
EndProject
Project("{FAE04EC0-301F-11D3-BF4B-00C04F79EFBC}") = "Problem#349", "problem#349\Problem#349.csproj", "{F64CF5FC-8E51-4BDD-859F-4F9AD86558DC}"
EndProject
Project("{FAE04EC0-301F-11D3-BF4B-00C04F79EFBC}") = "Problem#500", "Problem#500\Problem#500.csproj", "{AA0B582B-3EF3-4188-9FA4-46E0FFF52792}"
EndProject
Project("{FAE04EC0-301F-11D3-BF4B-00C04F79EFBC}") = "Problem#1108", "Problem#1108\Problem#1108.csproj", "{92F8989E-3C91-4578-901C-1D18D27002CC}"
EndProject
Project("{FAE04EC0-301F-11D3-BF4B-00C04F79EFBC}") = "Problem#58", "Problem#58\Problem#58.csproj", "{52ECC22F-29AE-4137-865D-D1C4849380FE}"
EndProject
Project("{FAE04EC0-301F-11D3-BF4B-00C04F79EFBC}") = "Problem#136", "problem#136\Problem#136.csproj", "{BB402643-DA35-4D3B-9784-FE2F3D31428B}"
EndProject
Project("{FAE04EC0-301F-11D3-BF4B-00C04F79EFBC}") = "Problem#268", "Problem#268\Problem#268.csproj", "{14F2E00B-839D-43E1-908E-0AC883516B27}"
EndProject
Project("{FAE04EC0-301F-11D3-BF4B-00C04F79EFBC}") = "Problem#35", "Problem#35\Problem#35.csproj", "{6D396EFE-1551-4D4E-987C-2D63DC505998}"
EndProject
Project("{FAE04EC0-301F-11D3-BF4B-00C04F79EFBC}") = "Problem#125", "Problem#125\Problem#125.csproj", "{DE499FC2-8F6E-4095-84BF-61FDC924CE53}"
EndProject
Global
	GlobalSection(SolutionConfigurationPlatforms) = preSolution
		Debug|Any CPU = Debug|Any CPU
		Release|Any CPU = Release|Any CPU
	EndGlobalSection
	GlobalSection(SolutionProperties) = preSolution
		HideSolutionNode = FALSE
	EndGlobalSection
	GlobalSection(ProjectConfigurationPlatforms) = postSolution
		{2911F868-FB65-49B6-A3E8-CCDCA1F0D99E}.Debug|Any CPU.ActiveCfg = Debug|Any CPU
		{2911F868-FB65-49B6-A3E8-CCDCA1F0D99E}.Debug|Any CPU.Build.0 = Debug|Any CPU
		{2911F868-FB65-49B6-A3E8-CCDCA1F0D99E}.Release|Any CPU.ActiveCfg = Release|Any CPU
		{2911F868-FB65-49B6-A3E8-CCDCA1F0D99E}.Release|Any CPU.Build.0 = Release|Any CPU
		{34DD352B-F05C-401B-8141-116D87B75E4B}.Debug|Any CPU.ActiveCfg = Debug|Any CPU
		{34DD352B-F05C-401B-8141-116D87B75E4B}.Debug|Any CPU.Build.0 = Debug|Any CPU
		{34DD352B-F05C-401B-8141-116D87B75E4B}.Release|Any CPU.ActiveCfg = Release|Any CPU
		{34DD352B-F05C-401B-8141-116D87B75E4B}.Release|Any CPU.Build.0 = Release|Any CPU
		{2B5B7058-AB18-4AC2-B633-320F1376947E}.Debug|Any CPU.ActiveCfg = Debug|Any CPU
		{2B5B7058-AB18-4AC2-B633-320F1376947E}.Debug|Any CPU.Build.0 = Debug|Any CPU
		{2B5B7058-AB18-4AC2-B633-320F1376947E}.Release|Any CPU.ActiveCfg = Release|Any CPU
		{2B5B7058-AB18-4AC2-B633-320F1376947E}.Release|Any CPU.Build.0 = Release|Any CPU
		{5329D535-7810-4041-9E71-EB80CDFC36EB}.Debug|Any CPU.ActiveCfg = Debug|Any CPU
		{5329D535-7810-4041-9E71-EB80CDFC36EB}.Debug|Any CPU.Build.0 = Debug|Any CPU
		{5329D535-7810-4041-9E71-EB80CDFC36EB}.Release|Any CPU.ActiveCfg = Release|Any CPU
		{5329D535-7810-4041-9E71-EB80CDFC36EB}.Release|Any CPU.Build.0 = Release|Any CPU
		{2D5A2BEA-07FF-4997-91C1-FDB3B76DED79}.Debug|Any CPU.ActiveCfg = Debug|Any CPU
		{2D5A2BEA-07FF-4997-91C1-FDB3B76DED79}.Debug|Any CPU.Build.0 = Debug|Any CPU
		{2D5A2BEA-07FF-4997-91C1-FDB3B76DED79}.Release|Any CPU.ActiveCfg = Release|Any CPU
		{2D5A2BEA-07FF-4997-91C1-FDB3B76DED79}.Release|Any CPU.Build.0 = Release|Any CPU
		{D65F0E7E-B121-43A2-98E0-5D8A0F6D038F}.Debug|Any CPU.ActiveCfg = Debug|Any CPU
		{D65F0E7E-B121-43A2-98E0-5D8A0F6D038F}.Debug|Any CPU.Build.0 = Debug|Any CPU
		{D65F0E7E-B121-43A2-98E0-5D8A0F6D038F}.Release|Any CPU.ActiveCfg = Release|Any CPU
		{D65F0E7E-B121-43A2-98E0-5D8A0F6D038F}.Release|Any CPU.Build.0 = Release|Any CPU
		{9FF8C735-AA41-49F1-8369-65A94168398C}.Debug|Any CPU.ActiveCfg = Debug|Any CPU
		{9FF8C735-AA41-49F1-8369-65A94168398C}.Debug|Any CPU.Build.0 = Debug|Any CPU
		{9FF8C735-AA41-49F1-8369-65A94168398C}.Release|Any CPU.ActiveCfg = Release|Any CPU
		{9FF8C735-AA41-49F1-8369-65A94168398C}.Release|Any CPU.Build.0 = Release|Any CPU
		{67035CF5-1AD6-4228-AE1C-EB981F0A1537}.Debug|Any CPU.ActiveCfg = Debug|Any CPU
		{67035CF5-1AD6-4228-AE1C-EB981F0A1537}.Debug|Any CPU.Build.0 = Debug|Any CPU
		{67035CF5-1AD6-4228-AE1C-EB981F0A1537}.Release|Any CPU.ActiveCfg = Release|Any CPU
		{67035CF5-1AD6-4228-AE1C-EB981F0A1537}.Release|Any CPU.Build.0 = Release|Any CPU
		{F91BB28E-0E78-4931-A5CA-6A8CC1CBA4C7}.Debug|Any CPU.ActiveCfg = Debug|Any CPU
		{F91BB28E-0E78-4931-A5CA-6A8CC1CBA4C7}.Debug|Any CPU.Build.0 = Debug|Any CPU
		{F91BB28E-0E78-4931-A5CA-6A8CC1CBA4C7}.Release|Any CPU.ActiveCfg = Release|Any CPU
		{F91BB28E-0E78-4931-A5CA-6A8CC1CBA4C7}.Release|Any CPU.Build.0 = Release|Any CPU
		{C66868CB-298F-4314-9790-2578CD832305}.Debug|Any CPU.ActiveCfg = Debug|Any CPU
		{C66868CB-298F-4314-9790-2578CD832305}.Debug|Any CPU.Build.0 = Debug|Any CPU
		{C66868CB-298F-4314-9790-2578CD832305}.Release|Any CPU.ActiveCfg = Release|Any CPU
		{C66868CB-298F-4314-9790-2578CD832305}.Release|Any CPU.Build.0 = Release|Any CPU
		{90C6E7C6-854F-467A-9E1A-B5D39F2E1FD9}.Debug|Any CPU.ActiveCfg = Debug|Any CPU
		{90C6E7C6-854F-467A-9E1A-B5D39F2E1FD9}.Debug|Any CPU.Build.0 = Debug|Any CPU
		{90C6E7C6-854F-467A-9E1A-B5D39F2E1FD9}.Release|Any CPU.ActiveCfg = Release|Any CPU
		{90C6E7C6-854F-467A-9E1A-B5D39F2E1FD9}.Release|Any CPU.Build.0 = Release|Any CPU
		{EA40D426-1499-4C07-BEAB-D32859F7A125}.Debug|Any CPU.ActiveCfg = Debug|Any CPU
		{EA40D426-1499-4C07-BEAB-D32859F7A125}.Debug|Any CPU.Build.0 = Debug|Any CPU
		{EA40D426-1499-4C07-BEAB-D32859F7A125}.Release|Any CPU.ActiveCfg = Release|Any CPU
		{EA40D426-1499-4C07-BEAB-D32859F7A125}.Release|Any CPU.Build.0 = Release|Any CPU
		{A9E6F8E2-7D7B-4290-8183-631B05827AF5}.Debug|Any CPU.ActiveCfg = Debug|Any CPU
		{A9E6F8E2-7D7B-4290-8183-631B05827AF5}.Debug|Any CPU.Build.0 = Debug|Any CPU
		{A9E6F8E2-7D7B-4290-8183-631B05827AF5}.Release|Any CPU.ActiveCfg = Release|Any CPU
		{A9E6F8E2-7D7B-4290-8183-631B05827AF5}.Release|Any CPU.Build.0 = Release|Any CPU
		{4C809997-9B22-4792-9181-BFCC9D1D8E19}.Debug|Any CPU.ActiveCfg = Debug|Any CPU
		{4C809997-9B22-4792-9181-BFCC9D1D8E19}.Debug|Any CPU.Build.0 = Debug|Any CPU
		{4C809997-9B22-4792-9181-BFCC9D1D8E19}.Release|Any CPU.ActiveCfg = Release|Any CPU
		{4C809997-9B22-4792-9181-BFCC9D1D8E19}.Release|Any CPU.Build.0 = Release|Any CPU
		{F4ED7014-4398-4823-977D-5BD5F3094ABB}.Debug|Any CPU.ActiveCfg = Debug|Any CPU
		{F4ED7014-4398-4823-977D-5BD5F3094ABB}.Debug|Any CPU.Build.0 = Debug|Any CPU
		{F4ED7014-4398-4823-977D-5BD5F3094ABB}.Release|Any CPU.ActiveCfg = Release|Any CPU
		{F4ED7014-4398-4823-977D-5BD5F3094ABB}.Release|Any CPU.Build.0 = Release|Any CPU
		{549D784D-65BD-4BF2-BA62-0363C2F498C5}.Debug|Any CPU.ActiveCfg = Debug|Any CPU
		{549D784D-65BD-4BF2-BA62-0363C2F498C5}.Debug|Any CPU.Build.0 = Debug|Any CPU
		{549D784D-65BD-4BF2-BA62-0363C2F498C5}.Release|Any CPU.ActiveCfg = Release|Any CPU
		{549D784D-65BD-4BF2-BA62-0363C2F498C5}.Release|Any CPU.Build.0 = Release|Any CPU
		{C5ADD46F-D5C8-4847-883B-355192F7B17A}.Debug|Any CPU.ActiveCfg = Debug|Any CPU
		{C5ADD46F-D5C8-4847-883B-355192F7B17A}.Debug|Any CPU.Build.0 = Debug|Any CPU
		{C5ADD46F-D5C8-4847-883B-355192F7B17A}.Release|Any CPU.ActiveCfg = Release|Any CPU
		{C5ADD46F-D5C8-4847-883B-355192F7B17A}.Release|Any CPU.Build.0 = Release|Any CPU
		{F64CF5FC-8E51-4BDD-859F-4F9AD86558DC}.Debug|Any CPU.ActiveCfg = Debug|Any CPU
		{F64CF5FC-8E51-4BDD-859F-4F9AD86558DC}.Debug|Any CPU.Build.0 = Debug|Any CPU
		{F64CF5FC-8E51-4BDD-859F-4F9AD86558DC}.Release|Any CPU.ActiveCfg = Release|Any CPU
		{F64CF5FC-8E51-4BDD-859F-4F9AD86558DC}.Release|Any CPU.Build.0 = Release|Any CPU
		{AA0B582B-3EF3-4188-9FA4-46E0FFF52792}.Debug|Any CPU.ActiveCfg = Debug|Any CPU
		{AA0B582B-3EF3-4188-9FA4-46E0FFF52792}.Debug|Any CPU.Build.0 = Debug|Any CPU
		{AA0B582B-3EF3-4188-9FA4-46E0FFF52792}.Release|Any CPU.ActiveCfg = Release|Any CPU
		{AA0B582B-3EF3-4188-9FA4-46E0FFF52792}.Release|Any CPU.Build.0 = Release|Any CPU
		{92F8989E-3C91-4578-901C-1D18D27002CC}.Debug|Any CPU.ActiveCfg = Debug|Any CPU
		{92F8989E-3C91-4578-901C-1D18D27002CC}.Debug|Any CPU.Build.0 = Debug|Any CPU
		{92F8989E-3C91-4578-901C-1D18D27002CC}.Release|Any CPU.ActiveCfg = Release|Any CPU
		{92F8989E-3C91-4578-901C-1D18D27002CC}.Release|Any CPU.Build.0 = Release|Any CPU
		{52ECC22F-29AE-4137-865D-D1C4849380FE}.Debug|Any CPU.ActiveCfg = Debug|Any CPU
		{52ECC22F-29AE-4137-865D-D1C4849380FE}.Debug|Any CPU.Build.0 = Debug|Any CPU
		{52ECC22F-29AE-4137-865D-D1C4849380FE}.Release|Any CPU.ActiveCfg = Release|Any CPU
		{52ECC22F-29AE-4137-865D-D1C4849380FE}.Release|Any CPU.Build.0 = Release|Any CPU
		{BB402643-DA35-4D3B-9784-FE2F3D31428B}.Debug|Any CPU.ActiveCfg = Debug|Any CPU
		{BB402643-DA35-4D3B-9784-FE2F3D31428B}.Debug|Any CPU.Build.0 = Debug|Any CPU
		{BB402643-DA35-4D3B-9784-FE2F3D31428B}.Release|Any CPU.ActiveCfg = Release|Any CPU
		{BB402643-DA35-4D3B-9784-FE2F3D31428B}.Release|Any CPU.Build.0 = Release|Any CPU
		{14F2E00B-839D-43E1-908E-0AC883516B27}.Debug|Any CPU.ActiveCfg = Debug|Any CPU
		{14F2E00B-839D-43E1-908E-0AC883516B27}.Debug|Any CPU.Build.0 = Debug|Any CPU
		{14F2E00B-839D-43E1-908E-0AC883516B27}.Release|Any CPU.ActiveCfg = Release|Any CPU
		{14F2E00B-839D-43E1-908E-0AC883516B27}.Release|Any CPU.Build.0 = Release|Any CPU
		{6D396EFE-1551-4D4E-987C-2D63DC505998}.Debug|Any CPU.ActiveCfg = Debug|Any CPU
		{6D396EFE-1551-4D4E-987C-2D63DC505998}.Debug|Any CPU.Build.0 = Debug|Any CPU
		{6D396EFE-1551-4D4E-987C-2D63DC505998}.Release|Any CPU.ActiveCfg = Release|Any CPU
		{6D396EFE-1551-4D4E-987C-2D63DC505998}.Release|Any CPU.Build.0 = Release|Any CPU
		{DE499FC2-8F6E-4095-84BF-61FDC924CE53}.Debug|Any CPU.ActiveCfg = Debug|Any CPU
		{DE499FC2-8F6E-4095-84BF-61FDC924CE53}.Debug|Any CPU.Build.0 = Debug|Any CPU
		{DE499FC2-8F6E-4095-84BF-61FDC924CE53}.Release|Any CPU.ActiveCfg = Release|Any CPU
		{DE499FC2-8F6E-4095-84BF-61FDC924CE53}.Release|Any CPU.Build.0 = Release|Any CPU
	EndGlobalSection
EndGlobal
