
Microsoft Visual Studio Solution File, Format Version 12.00
# Visual Studio Version 17
VisualStudioVersion = 17.0.31903.59
MinimumVisualStudioVersion = 10.0.40219.1
Project("{FAE04EC0-301F-11D3-BF4B-00C04F79EFBC}") = "Problem#1", "Problem#1\Problem#1.csproj", "{2911F868-FB65-49B6-A3E8-CCDCA1F0D99E}"
EndProject
Project("{FAE04EC0-301F-11D3-BF4B-00C04F79EFBC}") = "Problem#2", "Problem#2\Problem#2.csproj", "{34DD352B-F05C-401B-8141-116D87B75E4B}"
EndProject
Project("{FAE04EC0-301F-11D3-BF4B-00C04F79EFBC}") = "Problem#3", "Problem#3\Problem#3.csproj", "{2B5B7058-AB18-4AC2-B633-320F1376947E}"
EndProject
Project("{FAE04EC0-301F-11D3-BF4B-00C04F79EFBC}") = "Problem#4", "Problem#4\Problem#4.csproj", "{5329D535-7810-4041-9E71-EB80CDFC36EB}"
EndProject
Project("{FAE04EC0-301F-11D3-BF4B-00C04F79EFBC}") = "Problem#7", "Problem#7\Problem#7.csproj", "{2D5A2BEA-07FF-4997-91C1-FDB3B76DED79}"
EndProject
Project("{FAE04EC0-301F-11D3-BF4B-00C04F79EFBC}") = "Problem#9", "Problem#9\Problem#9.csproj", "{D65F0E7E-B121-43A2-98E0-5D8A0F6D038F}"
EndProject
Project("{FAE04EC0-301F-11D3-BF4B-00C04F79EFBC}") = "Problem#12", "Problem#12\Problem#12.csproj", "{9FF8C735-AA41-49F1-8369-65A94168398C}"
EndProject
Project("{FAE04EC0-301F-11D3-BF4B-00C04F79EFBC}") = "Problem#13", "Problem#13\Problem#13.csproj", "{67035CF5-1AD6-4228-AE1C-EB981F0A1537}"
EndProject
Global
	GlobalSection(SolutionConfigurationPlatforms) = preSolution
		Debug|Any CPU = Debug|Any CPU
		Release|Any CPU = Release|Any CPU
	EndGlobalSection
	GlobalSection(SolutionProperties) = preSolution
		HideSolutionNode = FALSE
	EndGlobalSection
	GlobalSection(ProjectConfigurationPlatforms) = postSolution
		{2911F868-FB65-49B6-A3E8-CCDCA1F0D99E}.Debug|Any CPU.ActiveCfg = Debug|Any CPU
		{2911F868-FB65-49B6-A3E8-CCDCA1F0D99E}.Debug|Any CPU.Build.0 = Debug|Any CPU
		{2911F868-FB65-49B6-A3E8-CCDCA1F0D99E}.Release|Any CPU.ActiveCfg = Release|Any CPU
		{2911F868-FB65-49B6-A3E8-CCDCA1F0D99E}.Release|Any CPU.Build.0 = Release|Any CPU
		{34DD352B-F05C-401B-8141-116D87B75E4B}.Debug|Any CPU.ActiveCfg = Debug|Any CPU
		{34DD352B-F05C-401B-8141-116D87B75E4B}.Debug|Any CPU.Build.0 = Debug|Any CPU
		{34DD352B-F05C-401B-8141-116D87B75E4B}.Release|Any CPU.ActiveCfg = Release|Any CPU
		{34DD352B-F05C-401B-8141-116D87B75E4B}.Release|Any CPU.Build.0 = Release|Any CPU
		{2B5B7058-AB18-4AC2-B633-320F1376947E}.Debug|Any CPU.ActiveCfg = Debug|Any CPU
		{2B5B7058-AB18-4AC2-B633-320F1376947E}.Debug|Any CPU.Build.0 = Debug|Any CPU
		{2B5B7058-AB18-4AC2-B633-320F1376947E}.Release|Any CPU.ActiveCfg = Release|Any CPU
		{2B5B7058-AB18-4AC2-B633-320F1376947E}.Release|Any CPU.Build.0 = Release|Any CPU
		{5329D535-7810-4041-9E71-EB80CDFC36EB}.Debug|Any CPU.ActiveCfg = Debug|Any CPU
		{5329D535-7810-4041-9E71-EB80CDFC36EB}.Debug|Any CPU.Build.0 = Debug|Any CPU
		{5329D535-7810-4041-9E71-EB80CDFC36EB}.Release|Any CPU.ActiveCfg = Release|Any CPU
		{5329D535-7810-4041-9E71-EB80CDFC36EB}.Release|Any CPU.Build.0 = Release|Any CPU
		{2D5A2BEA-07FF-4997-91C1-FDB3B76DED79}.Debug|Any CPU.ActiveCfg = Debug|Any CPU
		{2D5A2BEA-07FF-4997-91C1-FDB3B76DED79}.Debug|Any CPU.Build.0 = Debug|Any CPU
		{2D5A2BEA-07FF-4997-91C1-FDB3B76DED79}.Release|Any CPU.ActiveCfg = Release|Any CPU
		{2D5A2BEA-07FF-4997-91C1-FDB3B76DED79}.Release|Any CPU.Build.0 = Release|Any CPU
		{D65F0E7E-B121-43A2-98E0-5D8A0F6D038F}.Debug|Any CPU.ActiveCfg = Debug|Any CPU
		{D65F0E7E-B121-43A2-98E0-5D8A0F6D038F}.Debug|Any CPU.Build.0 = Debug|Any CPU
		{D65F0E7E-B121-43A2-98E0-5D8A0F6D038F}.Release|Any CPU.ActiveCfg = Release|Any CPU
		{D65F0E7E-B121-43A2-98E0-5D8A0F6D038F}.Release|Any CPU.Build.0 = Release|Any CPU
		{9FF8C735-AA41-49F1-8369-65A94168398C}.Debug|Any CPU.ActiveCfg = Debug|Any CPU
		{9FF8C735-AA41-49F1-8369-65A94168398C}.Debug|Any CPU.Build.0 = Debug|Any CPU
		{9FF8C735-AA41-49F1-8369-65A94168398C}.Release|Any CPU.ActiveCfg = Release|Any CPU
		{9FF8C735-AA41-49F1-8369-65A94168398C}.Release|Any CPU.Build.0 = Release|Any CPU
		{67035CF5-1AD6-4228-AE1C-EB981F0A1537}.Debug|Any CPU.ActiveCfg = Debug|Any CPU
		{67035CF5-1AD6-4228-AE1C-EB981F0A1537}.Debug|Any CPU.Build.0 = Debug|Any CPU
		{67035CF5-1AD6-4228-AE1C-EB981F0A1537}.Release|Any CPU.ActiveCfg = Release|Any CPU
		{67035CF5-1AD6-4228-AE1C-EB981F0A1537}.Release|Any CPU.Build.0 = Release|Any CPU
	EndGlobalSection
EndGlobal
